
Microsoft Visual Studio Solution File, Format Version 12.00
# Visual Studio Version 17
VisualStudioVersion = 17.8.34330.188
MinimumVisualStudioVersion = 10.0.40219.1
Project("{FAE04EC0-301F-11D3-BF4B-00C04F79EFBC}") = "DependencyInjectionExmple", "DependencyInjectionExmple\DependencyInjectionExmple.csproj", "{69080CF0-6D64-4B27-BD01-AFEFAAE0FBC9}"
EndProject
Global
	GlobalSection(SolutionConfigurationPlatforms) = preSolution
		Debug|Any CPU = Debug|Any CPU
		Release|Any CPU = Release|Any CPU
	EndGlobalSection
	GlobalSection(ProjectConfigurationPlatforms) = postSolution
		{69080CF0-6D64-4B27-BD01-AFEFAAE0FBC9}.Debug|Any CPU.ActiveCfg = Debug|Any CPU
		{69080CF0-6D64-4B27-BD01-AFEFAAE0FBC9}.Debug|Any CPU.Build.0 = Debug|Any CPU
		{69080CF0-6D64-4B27-BD01-AFEFAAE0FBC9}.Release|Any CPU.ActiveCfg = Release|Any CPU
		{69080CF0-6D64-4B27-BD01-AFEFAAE0FBC9}.Release|Any CPU.Build.0 = Release|Any CPU
	EndGlobalSection
	GlobalSection(SolutionProperties) = preSolution
		HideSolutionNode = FALSE
	EndGlobalSection
	GlobalSection(ExtensibilityGlobals) = postSolution
		SolutionGuid = {2B9A56CD-78FA-4103-A31A-58BE80D5999C}
	EndGlobalSection
EndGlobal
